
Microsoft Visual Studio Solution File, Format Version 12.00
# Visual Studio Version 16
VisualStudioVersion = 16.0.31829.152
MinimumVisualStudioVersion = 10.0.40219.1
Project("{FAE04EC0-301F-11D3-BF4B-00C04F79EFBC}") = "CVTest8.Android", "CVTest8\CVTest8.Android\CVTest8.Android.csproj", "{CF85944A-197A-424A-8599-1AEBB947C9E8}"
EndProject
Project("{FAE04EC0-301F-11D3-BF4B-00C04F79EFBC}") = "CVTest8.iOS", "CVTest8\CVTest8.iOS\CVTest8.iOS.csproj", "{3ADC83FE-E28F-40E8-AF6A-980C440DCD79}"
EndProject
Project("{FAE04EC0-301F-11D3-BF4B-00C04F79EFBC}") = "CVTest8", "CVTest8\CVTest8\CVTest8.csproj", "{AB6F3B9F-FC58-43F2-9951-B6BA42304920}"
EndProject
Global
	GlobalSection(SolutionConfigurationPlatforms) = preSolution
		Debug|Any CPU = Debug|Any CPU
		Debug|iPhone = Debug|iPhone
		Debug|iPhoneSimulator = Debug|iPhoneSimulator
		Release|Any CPU = Release|Any CPU
		Release|iPhone = Release|iPhone
		Release|iPhoneSimulator = Release|iPhoneSimulator
	EndGlobalSection
	GlobalSection(ProjectConfigurationPlatforms) = postSolution
		{CF85944A-197A-424A-8599-1AEBB947C9E8}.Debug|Any CPU.ActiveCfg = Debug|Any CPU
		{CF85944A-197A-424A-8599-1AEBB947C9E8}.Debug|Any CPU.Build.0 = Debug|Any CPU
		{CF85944A-197A-424A-8599-1AEBB947C9E8}.Debug|Any CPU.Deploy.0 = Debug|Any CPU
		{CF85944A-197A-424A-8599-1AEBB947C9E8}.Debug|iPhone.ActiveCfg = Debug|Any CPU
		{CF85944A-197A-424A-8599-1AEBB947C9E8}.Debug|iPhone.Build.0 = Debug|Any CPU
		{CF85944A-197A-424A-8599-1AEBB947C9E8}.Debug|iPhone.Deploy.0 = Debug|Any CPU
		{CF85944A-197A-424A-8599-1AEBB947C9E8}.Debug|iPhoneSimulator.ActiveCfg = Debug|Any CPU
		{CF85944A-197A-424A-8599-1AEBB947C9E8}.Debug|iPhoneSimulator.Build.0 = Debug|Any CPU
		{CF85944A-197A-424A-8599-1AEBB947C9E8}.Debug|iPhoneSimulator.Deploy.0 = Debug|Any CPU
		{CF85944A-197A-424A-8599-1AEBB947C9E8}.Release|Any CPU.ActiveCfg = Release|Any CPU
		{CF85944A-197A-424A-8599-1AEBB947C9E8}.Release|Any CPU.Build.0 = Release|Any CPU
		{CF85944A-197A-424A-8599-1AEBB947C9E8}.Release|Any CPU.Deploy.0 = Release|Any CPU
		{CF85944A-197A-424A-8599-1AEBB947C9E8}.Release|iPhone.ActiveCfg = Release|Any CPU
		{CF85944A-197A-424A-8599-1AEBB947C9E8}.Release|iPhone.Build.0 = Release|Any CPU
		{CF85944A-197A-424A-8599-1AEBB947C9E8}.Release|iPhone.Deploy.0 = Release|Any CPU
		{CF85944A-197A-424A-8599-1AEBB947C9E8}.Release|iPhoneSimulator.ActiveCfg = Release|Any CPU
		{CF85944A-197A-424A-8599-1AEBB947C9E8}.Release|iPhoneSimulator.Build.0 = Release|Any CPU
		{CF85944A-197A-424A-8599-1AEBB947C9E8}.Release|iPhoneSimulator.Deploy.0 = Release|Any CPU
		{3ADC83FE-E28F-40E8-AF6A-980C440DCD79}.Debug|Any CPU.ActiveCfg = Debug|iPhone
		{3ADC83FE-E28F-40E8-AF6A-980C440DCD79}.Debug|Any CPU.Build.0 = Debug|iPhone
		{3ADC83FE-E28F-40E8-AF6A-980C440DCD79}.Debug|Any CPU.Deploy.0 = Debug|iPhone
		{3ADC83FE-E28F-40E8-AF6A-980C440DCD79}.Debug|iPhone.ActiveCfg = Debug|iPhone
		{3ADC83FE-E28F-40E8-AF6A-980C440DCD79}.Debug|iPhone.Build.0 = Debug|iPhone
		{3ADC83FE-E28F-40E8-AF6A-980C440DCD79}.Debug|iPhone.Deploy.0 = Debug|iPhone
		{3ADC83FE-E28F-40E8-AF6A-980C440DCD79}.Debug|iPhoneSimulator.ActiveCfg = Debug|iPhoneSimulator
		{3ADC83FE-E28F-40E8-AF6A-980C440DCD79}.Debug|iPhoneSimulator.Build.0 = Debug|iPhoneSimulator
		{3ADC83FE-E28F-40E8-AF6A-980C440DCD79}.Debug|iPhoneSimulator.Deploy.0 = Debug|iPhoneSimulator
		{3ADC83FE-E28F-40E8-AF6A-980C440DCD79}.Release|Any CPU.ActiveCfg = Release|iPhoneSimulator
		{3ADC83FE-E28F-40E8-AF6A-980C440DCD79}.Release|Any CPU.Build.0 = Release|iPhoneSimulator
		{3ADC83FE-E28F-40E8-AF6A-980C440DCD79}.Release|Any CPU.Deploy.0 = Release|iPhoneSimulator
		{3ADC83FE-E28F-40E8-AF6A-980C440DCD79}.Release|iPhone.ActiveCfg = Release|iPhone
		{3ADC83FE-E28F-40E8-AF6A-980C440DCD79}.Release|iPhone.Build.0 = Release|iPhone
		{3ADC83FE-E28F-40E8-AF6A-980C440DCD79}.Release|iPhone.Deploy.0 = Release|iPhone
		{3ADC83FE-E28F-40E8-AF6A-980C440DCD79}.Release|iPhoneSimulator.ActiveCfg = Release|iPhoneSimulator
		{3ADC83FE-E28F-40E8-AF6A-980C440DCD79}.Release|iPhoneSimulator.Build.0 = Release|iPhoneSimulator
		{3ADC83FE-E28F-40E8-AF6A-980C440DCD79}.Release|iPhoneSimulator.Deploy.0 = Release|iPhoneSimulator
		{AB6F3B9F-FC58-43F2-9951-B6BA42304920}.Debug|Any CPU.ActiveCfg = Debug|Any CPU
		{AB6F3B9F-FC58-43F2-9951-B6BA42304920}.Debug|Any CPU.Build.0 = Debug|Any CPU
		{AB6F3B9F-FC58-43F2-9951-B6BA42304920}.Debug|Any CPU.Deploy.0 = Debug|Any CPU
		{AB6F3B9F-FC58-43F2-9951-B6BA42304920}.Debug|iPhone.ActiveCfg = Debug|Any CPU
		{AB6F3B9F-FC58-43F2-9951-B6BA42304920}.Debug|iPhone.Build.0 = Debug|Any CPU
		{AB6F3B9F-FC58-43F2-9951-B6BA42304920}.Debug|iPhone.Deploy.0 = Debug|Any CPU
		{AB6F3B9F-FC58-43F2-9951-B6BA42304920}.Debug|iPhoneSimulator.ActiveCfg = Debug|Any CPU
		{AB6F3B9F-FC58-43F2-9951-B6BA42304920}.Debug|iPhoneSimulator.Build.0 = Debug|Any CPU
		{AB6F3B9F-FC58-43F2-9951-B6BA42304920}.Debug|iPhoneSimulator.Deploy.0 = Debug|Any CPU
		{AB6F3B9F-FC58-43F2-9951-B6BA42304920}.Release|Any CPU.ActiveCfg = Release|Any CPU
		{AB6F3B9F-FC58-43F2-9951-B6BA42304920}.Release|Any CPU.Build.0 = Release|Any CPU
		{AB6F3B9F-FC58-43F2-9951-B6BA42304920}.Release|Any CPU.Deploy.0 = Release|Any CPU
		{AB6F3B9F-FC58-43F2-9951-B6BA42304920}.Release|iPhone.ActiveCfg = Release|Any CPU
		{AB6F3B9F-FC58-43F2-9951-B6BA42304920}.Release|iPhone.Build.0 = Release|Any CPU
		{AB6F3B9F-FC58-43F2-9951-B6BA42304920}.Release|iPhone.Deploy.0 = Release|Any CPU
		{AB6F3B9F-FC58-43F2-9951-B6BA42304920}.Release|iPhoneSimulator.ActiveCfg = Release|Any CPU
		{AB6F3B9F-FC58-43F2-9951-B6BA42304920}.Release|iPhoneSimulator.Build.0 = Release|Any CPU
		{AB6F3B9F-FC58-43F2-9951-B6BA42304920}.Release|iPhoneSimulator.Deploy.0 = Release|Any CPU
	EndGlobalSection
	GlobalSection(SolutionProperties) = preSolution
		HideSolutionNode = FALSE
	EndGlobalSection
	GlobalSection(ExtensibilityGlobals) = postSolution
		SolutionGuid = {DC412FD3-3CDC-4366-B995-A3232906EDD4}
	EndGlobalSection
EndGlobal
